
Microsoft Visual Studio Solution File, Format Version 12.00
# Visual Studio 14
VisualStudioVersion = 14.0.25420.1
MinimumVisualStudioVersion = 10.0.40219.1
Project("{FAE04EC0-301F-11D3-BF4B-00C04F79EFBC}") = "TheBrainWebApi", "TheBrainWebApi\TheBrainWebApi.csproj", "{0E384C5B-00E9-4ECC-80FE-67F3AE77B69F}"
EndProject
Project("{FAE04EC0-301F-11D3-BF4B-00C04F79EFBC}") = "TheBrainWindows", "TheBrainWindows\TheBrainWindows.csproj", "{308F6958-EBE9-43CA-B0F1-F55E1CC18D3D}"
EndProject
Global
	GlobalSection(SolutionConfigurationPlatforms) = preSolution
		Debug|Any CPU = Debug|Any CPU
		Release|Any CPU = Release|Any CPU
	EndGlobalSection
	GlobalSection(ProjectConfigurationPlatforms) = postSolution
		{0E384C5B-00E9-4ECC-80FE-67F3AE77B69F}.Debug|Any CPU.ActiveCfg = Debug|Any CPU
		{0E384C5B-00E9-4ECC-80FE-67F3AE77B69F}.Debug|Any CPU.Build.0 = Debug|Any CPU
		{0E384C5B-00E9-4ECC-80FE-67F3AE77B69F}.Release|Any CPU.ActiveCfg = Release|Any CPU
		{0E384C5B-00E9-4ECC-80FE-67F3AE77B69F}.Release|Any CPU.Build.0 = Release|Any CPU
		{308F6958-EBE9-43CA-B0F1-F55E1CC18D3D}.Debug|Any CPU.ActiveCfg = Debug|Any CPU
		{308F6958-EBE9-43CA-B0F1-F55E1CC18D3D}.Debug|Any CPU.Build.0 = Debug|Any CPU
		{308F6958-EBE9-43CA-B0F1-F55E1CC18D3D}.Release|Any CPU.ActiveCfg = Release|Any CPU
		{308F6958-EBE9-43CA-B0F1-F55E1CC18D3D}.Release|Any CPU.Build.0 = Release|Any CPU
	EndGlobalSection
	GlobalSection(SolutionProperties) = preSolution
		HideSolutionNode = FALSE
	EndGlobalSection
EndGlobal
